{
  "name": "miniprogram-1",
  "lockfileVersion": 3,
  "requires": true,
  "packages": {
    "": {
      "dependencies": {
        "miniprogram-calendar": "^1.0.0"
      }
    },
    "node_modules/miniprogram-calendar": {
      "version": "1.0.0",
      "resolved": "https://registry.npmjs.org/miniprogram-calendar/-/miniprogram-calendar-1.0.0.tgz",
      "integrity": "sha512-eEfvmM6drrnqMRwL570UuCzGakrfaOQm5t2b2DESezDy0wGQ61xiwItD4qkZVvXAyj6atOsCRjbI5vgPANmqBA==",
      "license": "ISC"
    }
  }
}
